// !$*UTF8*$!
{
	archiveVersion = 1;
	classes = {
	};
	objectVersion = 50;
	objects = {

/* Begin PBXBuildFile section */
		6C0D5C852229E5AC0037C491 /* ListOfWorkoutsViewController.swift in Sources */ = {isa = PBXBuildFile; fileRef = 6C0D5C842229E5AC0037C491 /* ListOfWorkoutsViewController.swift */; };
		6C0D5C872229ED390037C491 /* WorkoutTableViewCell.swift in Sources */ = {isa = PBXBuildFile; fileRef = 6C0D5C862229ED390037C491 /* WorkoutTableViewCell.swift */; };
		6C0F8B322235AFAF0083F98E /* TrainingViewController.swift in Sources */ = {isa = PBXBuildFile; fileRef = 6C0F8B312235AFAF0083F98E /* TrainingViewController.swift */; };
		6C112393222B28F8003FF910 /* Workout.swift in Sources */ = {isa = PBXBuildFile; fileRef = 6C112392222B28F8003FF910 /* Workout.swift */; };
		6C1175B4221DFA5100D81388 /* BebasNeue-Bold.ttf in Resources */ = {isa = PBXBuildFile; fileRef = 6C1175B3221DFA4C00D81388 /* BebasNeue-Bold.ttf */; };
		6C12F9CD2227222200AC6D8C /* AddActionViewController.swift in Sources */ = {isa = PBXBuildFile; fileRef = 6C12F9CC2227222100AC6D8C /* AddActionViewController.swift */; };
		6C8F90112252C5AD001C5ABB /* SettingsTableViewCell.swift in Sources */ = {isa = PBXBuildFile; fileRef = 6C8F90102252C5AD001C5ABB /* SettingsTableViewCell.swift */; };
		6C905531224FCCA9003324CA /* MenuViewController.swift in Sources */ = {isa = PBXBuildFile; fileRef = 6C905530224FCCA9003324CA /* MenuViewController.swift */; };
		6C905535224FE844003324CA /* SettingsTableViewController.swift in Sources */ = {isa = PBXBuildFile; fileRef = 6C905534224FE844003324CA /* SettingsTableViewController.swift */; };
		6C9288632254117A001463BE /* Protocols.swift in Sources */ = {isa = PBXBuildFile; fileRef = 6C9288622254117A001463BE /* Protocols.swift */; };
		6C9288652254138C001463BE /* Settings.swift in Sources */ = {isa = PBXBuildFile; fileRef = 6C9288642254138C001463BE /* Settings.swift */; };
		6C98F27722569AF200BE59F1 /* beep-29.wav in Resources */ = {isa = PBXBuildFile; fileRef = 6C98F27622569AF200BE59F1 /* beep-29.wav */; };
		6C98F27922569B0B00BE59F1 /* beep-30b.wav in Resources */ = {isa = PBXBuildFile; fileRef = 6C98F27822569B0B00BE59F1 /* beep-30b.wav */; };
		6C98F27B2256AFA800BE59F1 /* 108889__tim-kahn__rest.wav in Resources */ = {isa = PBXBuildFile; fileRef = 6C98F27A2256AFA800BE59F1 /* 108889__tim-kahn__rest.wav */; };
		6C98F27D2256AFB100BE59F1 /* 451270__alivvie__ready.wav in Resources */ = {isa = PBXBuildFile; fileRef = 6C98F27C2256AFB100BE59F1 /* 451270__alivvie__ready.wav */; };
		6C98F27F2256B22F00BE59F1 /* 34943__sir-yaro__finished.wav in Resources */ = {isa = PBXBuildFile; fileRef = 6C98F27E2256B22E00BE59F1 /* 34943__sir-yaro__finished.wav */; };
		6C9ABE3722C29B9100409189 /* SettingsLauncher.swift in Sources */ = {isa = PBXBuildFile; fileRef = 6C9ABE3622C29B9100409189 /* SettingsLauncher.swift */; };
		6C9ABE3922C2A5E200409189 /* SettingColor.swift in Sources */ = {isa = PBXBuildFile; fileRef = 6C9ABE3822C2A5E200409189 /* SettingColor.swift */; };
		6C9ABE3B22C2A96F00409189 /* SettingsColorCell.swift in Sources */ = {isa = PBXBuildFile; fileRef = 6C9ABE3A22C2A96F00409189 /* SettingsColorCell.swift */; };
		6CB6BCBD221C7B6900C6EE34 /* AppDelegate.swift in Sources */ = {isa = PBXBuildFile; fileRef = 6CB6BCBC221C7B6900C6EE34 /* AppDelegate.swift */; };
		6CB6BCBF221C7B6900C6EE34 /* InitialViewController.swift in Sources */ = {isa = PBXBuildFile; fileRef = 6CB6BCBE221C7B6900C6EE34 /* InitialViewController.swift */; };
		6CB6BCC2221C7B6900C6EE34 /* Main.storyboard in Resources */ = {isa = PBXBuildFile; fileRef = 6CB6BCC0221C7B6900C6EE34 /* Main.storyboard */; };
		6CB6BCC4221C7B6A00C6EE34 /* Assets.xcassets in Resources */ = {isa = PBXBuildFile; fileRef = 6CB6BCC3221C7B6A00C6EE34 /* Assets.xcassets */; };
		6CB6BCC7221C7B6A00C6EE34 /* LaunchScreen.storyboard in Resources */ = {isa = PBXBuildFile; fileRef = 6CB6BCC5221C7B6A00C6EE34 /* LaunchScreen.storyboard */; };
		6CB6BCCF221C80DB00C6EE34 /* UIFont+Additions.swift in Sources */ = {isa = PBXBuildFile; fileRef = 6CB6BCCE221C80DB00C6EE34 /* UIFont+Additions.swift */; };
		6CEEAA6B221C88760025978C /* BebasNeue-Regular.ttf in Resources */ = {isa = PBXBuildFile; fileRef = 6CB6BCD0221C818600C6EE34 /* BebasNeue-Regular.ttf */; };
		6CEEAA6D221C8D0F0025978C /* UIColor+Additions.swift in Sources */ = {isa = PBXBuildFile; fileRef = 6CEEAA6C221C8D0F0025978C /* UIColor+Additions.swift */; };
		B29B41B3EAF8E3CCC40D9F3E /* Pods_HIITintervalTimer.framework in Frameworks */ = {isa = PBXBuildFile; fileRef = A6CC4E5D318F50EFEE0E1F98 /* Pods_HIITintervalTimer.framework */; };
/* End PBXBuildFile section */

/* Begin PBXFileReference section */
		628551B5205E014A064C8768 /* Pods-HIITintervalTimer.release.xcconfig */ = {isa = PBXFileReference; includeInIndex = 1; lastKnownFileType = text.xcconfig; name = "Pods-HIITintervalTimer.release.xcconfig"; path = "Target Support Files/Pods-HIITintervalTimer/Pods-HIITintervalTimer.release.xcconfig"; sourceTree = "<group>"; };
		6C0D5C842229E5AC0037C491 /* ListOfWorkoutsViewController.swift */ = {isa = PBXFileReference; lastKnownFileType = sourcecode.swift; path = ListOfWorkoutsViewController.swift; sourceTree = "<group>"; };
		6C0D5C862229ED390037C491 /* WorkoutTableViewCell.swift */ = {isa = PBXFileReference; lastKnownFileType = sourcecode.swift; path = WorkoutTableViewCell.swift; sourceTree = "<group>"; };
		6C0F8B312235AFAF0083F98E /* TrainingViewController.swift */ = {isa = PBXFileReference; lastKnownFileType = sourcecode.swift; path = TrainingViewController.swift; sourceTree = "<group>"; };
		6C112392222B28F8003FF910 /* Workout.swift */ = {isa = PBXFileReference; lastKnownFileType = sourcecode.swift; path = Workout.swift; sourceTree = "<group>"; };
		6C1175B3221DFA4C00D81388 /* BebasNeue-Bold.ttf */ = {isa = PBXFileReference; lastKnownFileType = file; path = "BebasNeue-Bold.ttf"; sourceTree = "<group>"; };
		6C12F9CC2227222100AC6D8C /* AddActionViewController.swift */ = {isa = PBXFileReference; lastKnownFileType = sourcecode.swift; path = AddActionViewController.swift; sourceTree = "<group>"; };
		6C8F90102252C5AD001C5ABB /* SettingsTableViewCell.swift */ = {isa = PBXFileReference; lastKnownFileType = sourcecode.swift; path = SettingsTableViewCell.swift; sourceTree = "<group>"; };
		6C905530224FCCA9003324CA /* MenuViewController.swift */ = {isa = PBXFileReference; lastKnownFileType = sourcecode.swift; path = MenuViewController.swift; sourceTree = "<group>"; };
		6C905534224FE844003324CA /* SettingsTableViewController.swift */ = {isa = PBXFileReference; lastKnownFileType = sourcecode.swift; path = SettingsTableViewController.swift; sourceTree = "<group>"; };
		6C9288622254117A001463BE /* Protocols.swift */ = {isa = PBXFileReference; lastKnownFileType = sourcecode.swift; path = Protocols.swift; sourceTree = "<group>"; };
		6C9288642254138C001463BE /* Settings.swift */ = {isa = PBXFileReference; lastKnownFileType = sourcecode.swift; path = Settings.swift; sourceTree = "<group>"; };
		6C98F27622569AF200BE59F1 /* beep-29.wav */ = {isa = PBXFileReference; lastKnownFileType = audio.wav; path = "beep-29.wav"; sourceTree = "<group>"; };
		6C98F27822569B0B00BE59F1 /* beep-30b.wav */ = {isa = PBXFileReference; lastKnownFileType = audio.wav; path = "beep-30b.wav"; sourceTree = "<group>"; };
		6C98F27A2256AFA800BE59F1 /* 108889__tim-kahn__rest.wav */ = {isa = PBXFileReference; lastKnownFileType = audio.wav; path = "108889__tim-kahn__rest.wav"; sourceTree = "<group>"; };
		6C98F27C2256AFB100BE59F1 /* 451270__alivvie__ready.wav */ = {isa = PBXFileReference; lastKnownFileType = audio.wav; path = 451270__alivvie__ready.wav; sourceTree = "<group>"; };
		6C98F27E2256B22E00BE59F1 /* 34943__sir-yaro__finished.wav */ = {isa = PBXFileReference; lastKnownFileType = audio.wav; path = "34943__sir-yaro__finished.wav"; sourceTree = "<group>"; };
		6C9ABE3622C29B9100409189 /* SettingsLauncher.swift */ = {isa = PBXFileReference; lastKnownFileType = sourcecode.swift; path = SettingsLauncher.swift; sourceTree = "<group>"; };
		6C9ABE3822C2A5E200409189 /* SettingColor.swift */ = {isa = PBXFileReference; lastKnownFileType = sourcecode.swift; path = SettingColor.swift; sourceTree = "<group>"; };
		6C9ABE3A22C2A96F00409189 /* SettingsColorCell.swift */ = {isa = PBXFileReference; lastKnownFileType = sourcecode.swift; path = SettingsColorCell.swift; sourceTree = "<group>"; };
		6CB6BCB9221C7B6900C6EE34 /* HIITintervalTimer.app */ = {isa = PBXFileReference; explicitFileType = wrapper.application; includeInIndex = 0; path = HIITintervalTimer.app; sourceTree = BUILT_PRODUCTS_DIR; };
		6CB6BCBC221C7B6900C6EE34 /* AppDelegate.swift */ = {isa = PBXFileReference; lastKnownFileType = sourcecode.swift; path = AppDelegate.swift; sourceTree = "<group>"; };
		6CB6BCBE221C7B6900C6EE34 /* InitialViewController.swift */ = {isa = PBXFileReference; lastKnownFileType = sourcecode.swift; path = InitialViewController.swift; sourceTree = "<group>"; };
		6CB6BCC1221C7B6900C6EE34 /* Base */ = {isa = PBXFileReference; lastKnownFileType = file.storyboard; name = Base; path = Base.lproj/Main.storyboard; sourceTree = "<group>"; };
		6CB6BCC3221C7B6A00C6EE34 /* Assets.xcassets */ = {isa = PBXFileReference; lastKnownFileType = folder.assetcatalog; path = Assets.xcassets; sourceTree = "<group>"; };
		6CB6BCC6221C7B6A00C6EE34 /* Base */ = {isa = PBXFileReference; lastKnownFileType = file.storyboard; name = Base; path = Base.lproj/LaunchScreen.storyboard; sourceTree = "<group>"; };
		6CB6BCC8221C7B6A00C6EE34 /* Info.plist */ = {isa = PBXFileReference; lastKnownFileType = text.plist.xml; path = Info.plist; sourceTree = "<group>"; };
		6CB6BCCE221C80DB00C6EE34 /* UIFont+Additions.swift */ = {isa = PBXFileReference; fileEncoding = 4; lastKnownFileType = sourcecode.swift; name = "UIFont+Additions.swift"; path = "HIITintervalTimer/SupportingFiles/UIFont+Additions.swift"; sourceTree = SOURCE_ROOT; };
		6CB6BCD0221C818600C6EE34 /* BebasNeue-Regular.ttf */ = {isa = PBXFileReference; lastKnownFileType = file; path = "BebasNeue-Regular.ttf"; sourceTree = "<group>"; };
		6CEEAA6C221C8D0F0025978C /* UIColor+Additions.swift */ = {isa = PBXFileReference; fileEncoding = 4; lastKnownFileType = sourcecode.swift; name = "UIColor+Additions.swift"; path = "HIITintervalTimer/SupportingFiles/UIColor+Additions.swift"; sourceTree = SOURCE_ROOT; };
		A6CC4E5D318F50EFEE0E1F98 /* Pods_HIITintervalTimer.framework */ = {isa = PBXFileReference; explicitFileType = wrapper.framework; includeInIndex = 0; path = Pods_HIITintervalTimer.framework; sourceTree = BUILT_PRODUCTS_DIR; };
		B3D03E18AB40E9D3639F067A /* Pods-HIITintervalTimer.debug.xcconfig */ = {isa = PBXFileReference; includeInIndex = 1; lastKnownFileType = text.xcconfig; name = "Pods-HIITintervalTimer.debug.xcconfig"; path = "Target Support Files/Pods-HIITintervalTimer/Pods-HIITintervalTimer.debug.xcconfig"; sourceTree = "<group>"; };
/* End PBXFileReference section */

/* Begin PBXFrameworksBuildPhase section */
		6CB6BCB6221C7B6900C6EE34 /* Frameworks */ = {
			isa = PBXFrameworksBuildPhase;
			buildActionMask = 2147483647;
			files = (
				B29B41B3EAF8E3CCC40D9F3E /* Pods_HIITintervalTimer.framework in Frameworks */,
			);
			runOnlyForDeploymentPostprocessing = 0;
		};
/* End PBXFrameworksBuildPhase section */

/* Begin PBXGroup section */
		4E9A523D823AFCA96F7507AA /* Pods */ = {
			isa = PBXGroup;
			children = (
				B3D03E18AB40E9D3639F067A /* Pods-HIITintervalTimer.debug.xcconfig */,
				628551B5205E014A064C8768 /* Pods-HIITintervalTimer.release.xcconfig */,
			);
			path = Pods;
			sourceTree = "<group>";
		};
		6004E56EF1E66A518A54C733 /* Frameworks */ = {
			isa = PBXGroup;
			children = (
				A6CC4E5D318F50EFEE0E1F98 /* Pods_HIITintervalTimer.framework */,
			);
			name = Frameworks;
			sourceTree = "<group>";
		};
		6C0F8B302235A6350083F98E /* Cells */ = {
			isa = PBXGroup;
			children = (
				6C0D5C862229ED390037C491 /* WorkoutTableViewCell.swift */,
				6C8F90102252C5AD001C5ABB /* SettingsTableViewCell.swift */,
				6C9ABE3A22C2A96F00409189 /* SettingsColorCell.swift */,
			);
			path = Cells;
			sourceTree = "<group>";
		};
		6C1091E52223415900273BA3 /* Controllers */ = {
			isa = PBXGroup;
			children = (
				6CB6BCBE221C7B6900C6EE34 /* InitialViewController.swift */,
				6C12F9CC2227222100AC6D8C /* AddActionViewController.swift */,
				6C9ABE3622C29B9100409189 /* SettingsLauncher.swift */,
				6C0D5C842229E5AC0037C491 /* ListOfWorkoutsViewController.swift */,
				6C0F8B312235AFAF0083F98E /* TrainingViewController.swift */,
				6C905530224FCCA9003324CA /* MenuViewController.swift */,
				6C905534224FE844003324CA /* SettingsTableViewController.swift */,
			);
			path = Controllers;
			sourceTree = "<group>";
		};
		6C1091E62223417100273BA3 /* View */ = {
			isa = PBXGroup;
			children = (
				6CB6BCC0221C7B6900C6EE34 /* Main.storyboard */,
			);
			path = View;
			sourceTree = "<group>";
		};
		6C1091E72223417D00273BA3 /* Model */ = {
			isa = PBXGroup;
			children = (
				6C112392222B28F8003FF910 /* Workout.swift */,
				6C9288642254138C001463BE /* Settings.swift */,
				6C9ABE3822C2A5E200409189 /* SettingColor.swift */,
			);
			path = Model;
			sourceTree = "<group>";
		};
		6C1091E82223419400273BA3 /* SupportingFiles */ = {
			isa = PBXGroup;
			children = (
				6CEEAA6C221C8D0F0025978C /* UIColor+Additions.swift */,
				6C98F27822569B0B00BE59F1 /* beep-30b.wav */,
				6C98F27E2256B22E00BE59F1 /* 34943__sir-yaro__finished.wav */,
				6C98F27C2256AFB100BE59F1 /* 451270__alivvie__ready.wav */,
				6C98F27A2256AFA800BE59F1 /* 108889__tim-kahn__rest.wav */,
				6C98F27622569AF200BE59F1 /* beep-29.wav */,
				6CB6BCC3221C7B6A00C6EE34 /* Assets.xcassets */,
				6CB6BCC5221C7B6A00C6EE34 /* LaunchScreen.storyboard */,
				6CB6BCCE221C80DB00C6EE34 /* UIFont+Additions.swift */,
				6CB6BCD0221C818600C6EE34 /* BebasNeue-Regular.ttf */,
				6C1175B3221DFA4C00D81388 /* BebasNeue-Bold.ttf */,
			);
			path = SupportingFiles;
			sourceTree = "<group>";
		};
		6C9288612254115A001463BE /* Protocols */ = {
			isa = PBXGroup;
			children = (
				6C9288622254117A001463BE /* Protocols.swift */,
			);
			path = Protocols;
			sourceTree = "<group>";
		};
		6CB6BCB0221C7B6900C6EE34 = {
			isa = PBXGroup;
			children = (
				6CB6BCBB221C7B6900C6EE34 /* HIITintervalTimer */,
				6CB6BCBA221C7B6900C6EE34 /* Products */,
				4E9A523D823AFCA96F7507AA /* Pods */,
				6004E56EF1E66A518A54C733 /* Frameworks */,
			);
			sourceTree = "<group>";
		};
		6CB6BCBA221C7B6900C6EE34 /* Products */ = {
			isa = PBXGroup;
			children = (
				6CB6BCB9221C7B6900C6EE34 /* HIITintervalTimer.app */,
			);
			name = Products;
			sourceTree = "<group>";
		};
		6CB6BCBB221C7B6900C6EE34 /* HIITintervalTimer */ = {
			isa = PBXGroup;
			children = (
				6CB6BCBC221C7B6900C6EE34 /* AppDelegate.swift */,
				6C9288612254115A001463BE /* Protocols */,
				6C0F8B302235A6350083F98E /* Cells */,
				6C1091E52223415900273BA3 /* Controllers */,
				6C1091E62223417100273BA3 /* View */,
				6C1091E72223417D00273BA3 /* Model */,
				6C1091E82223419400273BA3 /* SupportingFiles */,
				6CB6BCC8221C7B6A00C6EE34 /* Info.plist */,
			);
			path = HIITintervalTimer;
			sourceTree = "<group>";
		};
/* End PBXGroup section */

/* Begin PBXNativeTarget section */
		6CB6BCB8221C7B6900C6EE34 /* HIITintervalTimer */ = {
			isa = PBXNativeTarget;
			buildConfigurationList = 6CB6BCCB221C7B6A00C6EE34 /* Build configuration list for PBXNativeTarget "HIITintervalTimer" */;
			buildPhases = (
				2CFFD8BC909CFDA6269ABEE1 /* [CP] Check Pods Manifest.lock */,
				6CB6BCB5221C7B6900C6EE34 /* Sources */,
				6CB6BCB6221C7B6900C6EE34 /* Frameworks */,
				6CB6BCB7221C7B6900C6EE34 /* Resources */,
				E5C433153496DE80E8DC1316 /* [CP] Embed Pods Frameworks */,
			);
			buildRules = (
			);
			dependencies = (
			);
			name = HIITintervalTimer;
			productName = HIITintervalTimer;
			productReference = 6CB6BCB9221C7B6900C6EE34 /* HIITintervalTimer.app */;
			productType = "com.apple.product-type.application";
		};
/* End PBXNativeTarget section */

/* Begin PBXProject section */
		6CB6BCB1221C7B6900C6EE34 /* Project object */ = {
			isa = PBXProject;
			attributes = {
				LastSwiftUpdateCheck = 1010;
				LastUpgradeCheck = 1010;
				ORGANIZATIONNAME = "Aleksandar Tesanovic";
				TargetAttributes = {
					6CB6BCB8221C7B6900C6EE34 = {
						CreatedOnToolsVersion = 10.1;
						LastSwiftMigration = 1020;
					};
				};
			};
			buildConfigurationList = 6CB6BCB4221C7B6900C6EE34 /* Build configuration list for PBXProject "HIITintervalTimer" */;
			compatibilityVersion = "Xcode 9.3";
			developmentRegion = en;
			hasScannedForEncodings = 0;
			knownRegions = (
				en,
				Base,
			);
			mainGroup = 6CB6BCB0221C7B6900C6EE34;
			productRefGroup = 6CB6BCBA221C7B6900C6EE34 /* Products */;
			projectDirPath = "";
			projectRoot = "";
			targets = (
				6CB6BCB8221C7B6900C6EE34 /* HIITintervalTimer */,
			);
		};
/* End PBXProject section */

/* Begin PBXResourcesBuildPhase section */
		6CB6BCB7221C7B6900C6EE34 /* Resources */ = {
			isa = PBXResourcesBuildPhase;
			buildActionMask = 2147483647;
			files = (
				6C1175B4221DFA5100D81388 /* BebasNeue-Bold.ttf in Resources */,
				6C98F27722569AF200BE59F1 /* beep-29.wav in Resources */,
				6C98F27F2256B22F00BE59F1 /* 34943__sir-yaro__finished.wav in Resources */,
				6CEEAA6B221C88760025978C /* BebasNeue-Regular.ttf in Resources */,
				6C98F27B2256AFA800BE59F1 /* 108889__tim-kahn__rest.wav in Resources */,
				6CB6BCC7221C7B6A00C6EE34 /* LaunchScreen.storyboard in Resources */,
				6C98F27D2256AFB100BE59F1 /* 451270__alivvie__ready.wav in Resources */,
				6C98F27922569B0B00BE59F1 /* beep-30b.wav in Resources */,
				6CB6BCC4221C7B6A00C6EE34 /* Assets.xcassets in Resources */,
				6CB6BCC2221C7B6900C6EE34 /* Main.storyboard in Resources */,
			);
			runOnlyForDeploymentPostprocessing = 0;
		};
/* End PBXResourcesBuildPhase section */

/* Begin PBXShellScriptBuildPhase section */
		2CFFD8BC909CFDA6269ABEE1 /* [CP] Check Pods Manifest.lock */ = {
			isa = PBXShellScriptBuildPhase;
			buildActionMask = 2147483647;
			files = (
			);
			inputFileListPaths = (
			);
			inputPaths = (
				"${PODS_PODFILE_DIR_PATH}/Podfile.lock",
				"${PODS_ROOT}/Manifest.lock",
			);
			name = "[CP] Check Pods Manifest.lock";
			outputFileListPaths = (
			);
			outputPaths = (
				"$(DERIVED_FILE_DIR)/Pods-HIITintervalTimer-checkManifestLockResult.txt",
			);
			runOnlyForDeploymentPostprocessing = 0;
			shellPath = /bin/sh;
			shellScript = "diff \"${PODS_PODFILE_DIR_PATH}/Podfile.lock\" \"${PODS_ROOT}/Manifest.lock\" > /dev/null\nif [ $? != 0 ] ; then\n    # print error to STDERR\n    echo \"error: The sandbox is not in sync with the Podfile.lock. Run 'pod install' or update your CocoaPods installation.\" >&2\n    exit 1\nfi\n# This output is used by Xcode 'outputs' to avoid re-running this script phase.\necho \"SUCCESS\" > \"${SCRIPT_OUTPUT_FILE_0}\"\n";
			showEnvVarsInLog = 0;
		};
		E5C433153496DE80E8DC1316 /* [CP] Embed Pods Frameworks */ = {
			isa = PBXShellScriptBuildPhase;
			buildActionMask = 2147483647;
			files = (
			);
			inputFileListPaths = (
			);
			inputPaths = (
				"${PODS_ROOT}/Target Support Files/Pods-HIITintervalTimer/Pods-HIITintervalTimer-frameworks.sh",
				"${BUILT_PRODUCTS_DIR}/ChameleonFramework/ChameleonFramework.framework",
				"${BUILT_PRODUCTS_DIR}/Realm/Realm.framework",
				"${BUILT_PRODUCTS_DIR}/RealmSwift/RealmSwift.framework",
				"${BUILT_PRODUCTS_DIR}/SideMenu/SideMenu.framework",
			);
			name = "[CP] Embed Pods Frameworks";
			outputFileListPaths = (
			);
			outputPaths = (
				"${TARGET_BUILD_DIR}/${FRAMEWORKS_FOLDER_PATH}/ChameleonFramework.framework",
				"${TARGET_BUILD_DIR}/${FRAMEWORKS_FOLDER_PATH}/Realm.framework",
				"${TARGET_BUILD_DIR}/${FRAMEWORKS_FOLDER_PATH}/RealmSwift.framework",
				"${TARGET_BUILD_DIR}/${FRAMEWORKS_FOLDER_PATH}/SideMenu.framework",
			);
			runOnlyForDeploymentPostprocessing = 0;
			shellPath = /bin/sh;
			shellScript = "\"${PODS_ROOT}/Target Support Files/Pods-HIITintervalTimer/Pods-HIITintervalTimer-frameworks.sh\"\n";
			showEnvVarsInLog = 0;
		};
/* End PBXShellScriptBuildPhase section */

/* Begin PBXSourcesBuildPhase section */
		6CB6BCB5221C7B6900C6EE34 /* Sources */ = {
			isa = PBXSourcesBuildPhase;
			buildActionMask = 2147483647;
			files = (
				6C905531224FCCA9003324CA /* MenuViewController.swift in Sources */,
				6C0F8B322235AFAF0083F98E /* TrainingViewController.swift in Sources */,
				6C8F90112252C5AD001C5ABB /* SettingsTableViewCell.swift in Sources */,
				6C9ABE3B22C2A96F00409189 /* SettingsColorCell.swift in Sources */,
				6CB6BCBF221C7B6900C6EE34 /* InitialViewController.swift in Sources */,
				6C9288652254138C001463BE /* Settings.swift in Sources */,
				6C905535224FE844003324CA /* SettingsTableViewController.swift in Sources */,
				6C0D5C852229E5AC0037C491 /* ListOfWorkoutsViewController.swift in Sources */,
				6CEEAA6D221C8D0F0025978C /* UIColor+Additions.swift in Sources */,
				6C112393222B28F8003FF910 /* Workout.swift in Sources */,
				6C12F9CD2227222200AC6D8C /* AddActionViewController.swift in Sources */,
				6C9ABE3922C2A5E200409189 /* SettingColor.swift in Sources */,
				6C9288632254117A001463BE /* Protocols.swift in Sources */,
				6C9ABE3722C29B9100409189 /* SettingsLauncher.swift in Sources */,
				6CB6BCCF221C80DB00C6EE34 /* UIFont+Additions.swift in Sources */,
				6C0D5C872229ED390037C491 /* WorkoutTableViewCell.swift in Sources */,
				6CB6BCBD221C7B6900C6EE34 /* AppDelegate.swift in Sources */,
			);
			runOnlyForDeploymentPostprocessing = 0;
		};
/* End PBXSourcesBuildPhase section */

/* Begin PBXVariantGroup section */
		6CB6BCC0221C7B6900C6EE34 /* Main.storyboard */ = {
			isa = PBXVariantGroup;
			children = (
				6CB6BCC1221C7B6900C6EE34 /* Base */,
			);
			name = Main.storyboard;
			sourceTree = "<group>";
		};
		6CB6BCC5221C7B6A00C6EE34 /* LaunchScreen.storyboard */ = {
			isa = PBXVariantGroup;
			children = (
				6CB6BCC6221C7B6A00C6EE34 /* Base */,
			);
			name = LaunchScreen.storyboard;
			sourceTree = "<group>";
		};
/* End PBXVariantGroup section */

/* Begin XCBuildConfiguration section */
		6CB6BCC9221C7B6A00C6EE34 /* Debug */ = {
			isa = XCBuildConfiguration;
			buildSettings = {
				ALWAYS_SEARCH_USER_PATHS = NO;
				CLANG_ANALYZER_NONNULL = YES;
				CLANG_ANALYZER_NUMBER_OBJECT_CONVERSION = YES_AGGRESSIVE;
				CLANG_CXX_LANGUAGE_STANDARD = "gnu++14";
				CLANG_CXX_LIBRARY = "libc++";
				CLANG_ENABLE_MODULES = YES;
				CLANG_ENABLE_OBJC_ARC = YES;
				CLANG_ENABLE_OBJC_WEAK = YES;
				CLANG_WARN_BLOCK_CAPTURE_AUTORELEASING = YES;
				CLANG_WARN_BOOL_CONVERSION = YES;
				CLANG_WARN_COMMA = YES;
				CLANG_WARN_CONSTANT_CONVERSION = YES;
				CLANG_WARN_DEPRECATED_OBJC_IMPLEMENTATIONS = YES;
				CLANG_WARN_DIRECT_OBJC_ISA_USAGE = YES_ERROR;
				CLANG_WARN_DOCUMENTATION_COMMENTS = YES;
				CLANG_WARN_EMPTY_BODY = YES;
				CLANG_WARN_ENUM_CONVERSION = YES;
				CLANG_WARN_INFINITE_RECURSION = YES;
				CLANG_WARN_INT_CONVERSION = YES;
				CLANG_WARN_NON_LITERAL_NULL_CONVERSION = YES;
				CLANG_WARN_OBJC_IMPLICIT_RETAIN_SELF = YES;
				CLANG_WARN_OBJC_LITERAL_CONVERSION = YES;
				CLANG_WARN_OBJC_ROOT_CLASS = YES_ERROR;
				CLANG_WARN_RANGE_LOOP_ANALYSIS = YES;
				CLANG_WARN_STRICT_PROTOTYPES = YES;
				CLANG_WARN_SUSPICIOUS_MOVE = YES;
				CLANG_WARN_UNGUARDED_AVAILABILITY = YES_AGGRESSIVE;
				CLANG_WARN_UNREACHABLE_CODE = YES;
				CLANG_WARN__DUPLICATE_METHOD_MATCH = YES;
				CODE_SIGN_IDENTITY = "iPhone Developer";
				COPY_PHASE_STRIP = NO;
				DEBUG_INFORMATION_FORMAT = dwarf;
				ENABLE_STRICT_OBJC_MSGSEND = YES;
				ENABLE_TESTABILITY = YES;
				GCC_C_LANGUAGE_STANDARD = gnu11;
				GCC_DYNAMIC_NO_PIC = NO;
				GCC_NO_COMMON_BLOCKS = YES;
				GCC_OPTIMIZATION_LEVEL = 0;
				GCC_PREPROCESSOR_DEFINITIONS = (
					"DEBUG=1",
					"$(inherited)",
				);
				GCC_WARN_64_TO_32_BIT_CONVERSION = YES;
				GCC_WARN_ABOUT_RETURN_TYPE = YES_ERROR;
				GCC_WARN_UNDECLARED_SELECTOR = YES;
				GCC_WARN_UNINITIALIZED_AUTOS = YES_AGGRESSIVE;
				GCC_WARN_UNUSED_FUNCTION = YES;
				GCC_WARN_UNUSED_VARIABLE = YES;
				IPHONEOS_DEPLOYMENT_TARGET = 12.1;
				MTL_ENABLE_DEBUG_INFO = INCLUDE_SOURCE;
				MTL_FAST_MATH = YES;
				ONLY_ACTIVE_ARCH = YES;
				SDKROOT = iphoneos;
				SWIFT_ACTIVE_COMPILATION_CONDITIONS = DEBUG;
				SWIFT_OPTIMIZATION_LEVEL = "-Onone";
			};
			name = Debug;
		};
		6CB6BCCA221C7B6A00C6EE34 /* Release */ = {
			isa = XCBuildConfiguration;
			buildSettings = {
				ALWAYS_SEARCH_USER_PATHS = NO;
				CLANG_ANALYZER_NONNULL = YES;
				CLANG_ANALYZER_NUMBER_OBJECT_CONVERSION = YES_AGGRESSIVE;
				CLANG_CXX_LANGUAGE_STANDARD = "gnu++14";
				CLANG_CXX_LIBRARY = "libc++";
				CLANG_ENABLE_MODULES = YES;
				CLANG_ENABLE_OBJC_ARC = YES;
				CLANG_ENABLE_OBJC_WEAK = YES;
				CLANG_WARN_BLOCK_CAPTURE_AUTORELEASING = YES;
				CLANG_WARN_BOOL_CONVERSION = YES;
				CLANG_WARN_COMMA = YES;
				CLANG_WARN_CONSTANT_CONVERSION = YES;
				CLANG_WARN_DEPRECATED_OBJC_IMPLEMENTATIONS = YES;
				CLANG_WARN_DIRECT_OBJC_ISA_USAGE = YES_ERROR;
				CLANG_WARN_DOCUMENTATION_COMMENTS = YES;
				CLANG_WARN_EMPTY_BODY = YES;
				CLANG_WARN_ENUM_CONVERSION = YES;
				CLANG_WARN_INFINITE_RECURSION = YES;
				CLANG_WARN_INT_CONVERSION = YES;
				CLANG_WARN_NON_LITERAL_NULL_CONVERSION = YES;
				CLANG_WARN_OBJC_IMPLICIT_RETAIN_SELF = YES;
				CLANG_WARN_OBJC_LITERAL_CONVERSION = YES;
				CLANG_WARN_OBJC_ROOT_CLASS = YES_ERROR;
				CLANG_WARN_RANGE_LOOP_ANALYSIS = YES;
				CLANG_WARN_STRICT_PROTOTYPES = YES;
				CLANG_WARN_SUSPICIOUS_MOVE = YES;
				CLANG_WARN_UNGUARDED_AVAILABILITY = YES_AGGRESSIVE;
				CLANG_WARN_UNREACHABLE_CODE = YES;
				CLANG_WARN__DUPLICATE_METHOD_MATCH = YES;
				CODE_SIGN_IDENTITY = "iPhone Developer";
				COPY_PHASE_STRIP = NO;
				DEBUG_INFORMATION_FORMAT = "dwarf-with-dsym";
				ENABLE_NS_ASSERTIONS = NO;
				ENABLE_STRICT_OBJC_MSGSEND = YES;
				GCC_C_LANGUAGE_STANDARD = gnu11;
				GCC_NO_COMMON_BLOCKS = YES;
				GCC_WARN_64_TO_32_BIT_CONVERSION = YES;
				GCC_WARN_ABOUT_RETURN_TYPE = YES_ERROR;
				GCC_WARN_UNDECLARED_SELECTOR = YES;
				GCC_WARN_UNINITIALIZED_AUTOS = YES_AGGRESSIVE;
				GCC_WARN_UNUSED_FUNCTION = YES;
				GCC_WARN_UNUSED_VARIABLE = YES;
				IPHONEOS_DEPLOYMENT_TARGET = 12.1;
				MTL_ENABLE_DEBUG_INFO = NO;
				MTL_FAST_MATH = YES;
				SDKROOT = iphoneos;
				SWIFT_COMPILATION_MODE = wholemodule;
				SWIFT_OPTIMIZATION_LEVEL = "-O";
				VALIDATE_PRODUCT = YES;
			};
			name = Release;
		};
		6CB6BCCC221C7B6A00C6EE34 /* Debug */ = {
			isa = XCBuildConfiguration;
			baseConfigurationReference = B3D03E18AB40E9D3639F067A /* Pods-HIITintervalTimer.debug.xcconfig */;
			buildSettings = {
				ASSETCATALOG_COMPILER_APPICON_NAME = AppIcon;
				CODE_SIGN_STYLE = Automatic;
				DEVELOPMENT_TEAM = M6EZ2DUUPG;
				INFOPLIST_FILE = HIITintervalTimer/Info.plist;
				IPHONEOS_DEPLOYMENT_TARGET = 12.2;
				LD_RUNPATH_SEARCH_PATHS = (
					"$(inherited)",
					"@executable_path/Frameworks",
				);
				PRODUCT_BUNDLE_IDENTIFIER = com.acateske.HIITintervalTimer;
				PRODUCT_NAME = "$(TARGET_NAME)";
				SWIFT_VERSION = 5.0;
				TARGETED_DEVICE_FAMILY = "1,2";
			};
			name = Debug;
		};
		6CB6BCCD221C7B6A00C6EE34 /* Release */ = {
			isa = XCBuildConfiguration;
			baseConfigurationReference = 628551B5205E014A064C8768 /* Pods-HIITintervalTimer.release.xcconfig */;
			buildSettings = {
				ASSETCATALOG_COMPILER_APPICON_NAME = AppIcon;
				CODE_SIGN_STYLE = Automatic;
				DEVELOPMENT_TEAM = M6EZ2DUUPG;
				INFOPLIST_FILE = HIITintervalTimer/Info.plist;
				IPHONEOS_DEPLOYMENT_TARGET = 12.2;
				LD_RUNPATH_SEARCH_PATHS = (
					"$(inherited)",
					"@executable_path/Frameworks",
				);
				PRODUCT_BUNDLE_IDENTIFIER = com.acateske.HIITintervalTimer;
				PRODUCT_NAME = "$(TARGET_NAME)";
				SWIFT_VERSION = 5.0;
				TARGETED_DEVICE_FAMILY = "1,2";
			};
			name = Release;
		};
/* End XCBuildConfiguration section */

/* Begin XCConfigurationList section */
		6CB6BCB4221C7B6900C6EE34 /* Build configuration list for PBXProject "HIITintervalTimer" */ = {
			isa = XCConfigurationList;
			buildConfigurations = (
				6CB6BCC9221C7B6A00C6EE34 /* Debug */,
				6CB6BCCA221C7B6A00C6EE34 /* Release */,
			);
			defaultConfigurationIsVisible = 0;
			defaultConfigurationName = Release;
		};
		6CB6BCCB221C7B6A00C6EE34 /* Build configuration list for PBXNativeTarget "HIITintervalTimer" */ = {
			isa = XCConfigurationList;
			buildConfigurations = (
				6CB6BCCC221C7B6A00C6EE34 /* Debug */,
				6CB6BCCD221C7B6A00C6EE34 /* Release */,
			);
			defaultConfigurationIsVisible = 0;
			defaultConfigurationName = Release;
		};
/* End XCConfigurationList section */
	};
	rootObject = 6CB6BCB1221C7B6900C6EE34 /* Project object */;
}
